
Microsoft Visual Studio Solution File, Format Version 12.00
# Visual Studio Version 17
VisualStudioVersion = 17.8.34330.188
MinimumVisualStudioVersion = 10.0.40219.1
Project("{FAE04EC0-301F-11D3-BF4B-00C04F79EFBC}") = "TaskManager", "TaskManager\TaskManager.csproj", "{10D46700-FDCB-4F5E-AE0E-E86FFFAB0ED7}"
EndProject
Global
	GlobalSection(SolutionConfigurationPlatforms) = preSolution
		Debug|Any CPU = Debug|Any CPU
		Release|Any CPU = Release|Any CPU
	EndGlobalSection
	GlobalSection(ProjectConfigurationPlatforms) = postSolution
		{10D46700-FDCB-4F5E-AE0E-E86FFFAB0ED7}.Debug|Any CPU.ActiveCfg = Debug|Any CPU
		{10D46700-FDCB-4F5E-AE0E-E86FFFAB0ED7}.Debug|Any CPU.Build.0 = Debug|Any CPU
		{10D46700-FDCB-4F5E-AE0E-E86FFFAB0ED7}.Release|Any CPU.ActiveCfg = Release|Any CPU
		{10D46700-FDCB-4F5E-AE0E-E86FFFAB0ED7}.Release|Any CPU.Build.0 = Release|Any CPU
	EndGlobalSection
	GlobalSection(SolutionProperties) = preSolution
		HideSolutionNode = FALSE
	EndGlobalSection
	GlobalSection(ExtensibilityGlobals) = postSolution
		SolutionGuid = {646D67C8-0FCB-42B2-AE7D-0B5199A95A5C}
	EndGlobalSection
EndGlobal
